
Microsoft Visual Studio Solution File, Format Version 12.00
# Visual Studio Version 17
VisualStudioVersion = 17.9.34607.119
MinimumVisualStudioVersion = 10.0.40219.1
Project("{FAE04EC0-301F-11D3-BF4B-00C04F79EFBC}") = "ExercicioHeranca", "ExercicioHeranca\ExercicioHeranca.csproj", "{856C4C78-B6DF-49DC-B498-9B464B14744C}"
EndProject
Global
	GlobalSection(SolutionConfigurationPlatforms) = preSolution
		Debug|Any CPU = Debug|Any CPU
		Release|Any CPU = Release|Any CPU
	EndGlobalSection
	GlobalSection(ProjectConfigurationPlatforms) = postSolution
		{856C4C78-B6DF-49DC-B498-9B464B14744C}.Debug|Any CPU.ActiveCfg = Debug|Any CPU
		{856C4C78-B6DF-49DC-B498-9B464B14744C}.Debug|Any CPU.Build.0 = Debug|Any CPU
		{856C4C78-B6DF-49DC-B498-9B464B14744C}.Release|Any CPU.ActiveCfg = Release|Any CPU
		{856C4C78-B6DF-49DC-B498-9B464B14744C}.Release|Any CPU.Build.0 = Release|Any CPU
	EndGlobalSection
	GlobalSection(SolutionProperties) = preSolution
		HideSolutionNode = FALSE
	EndGlobalSection
	GlobalSection(ExtensibilityGlobals) = postSolution
		SolutionGuid = {757C1C67-85B6-449C-A4B8-87D366125F42}
	EndGlobalSection
EndGlobal
